// !$*UTF8*$!
{
	archiveVersion = 1;
	classes = {
	};
	objectVersion = 50;
	objects = {

/* Begin PBXBuildFile section */
		B7A66A1B2451E19000F32005 /* AppDelegate.swift in Sources */ = {isa = PBXBuildFile; fileRef = B7A66A1A2451E19000F32005 /* AppDelegate.swift */; };
		B7A66A1D2451E19000F32005 /* SceneDelegate.swift in Sources */ = {isa = PBXBuildFile; fileRef = B7A66A1C2451E19000F32005 /* SceneDelegate.swift */; };
		B7A66A1F2451E19000F32005 /* ViewController.swift in Sources */ = {isa = PBXBuildFile; fileRef = B7A66A1E2451E19000F32005 /* ViewController.swift */; };
		B7A66A222451E19000F32005 /* Main.storyboard in Resources */ = {isa = PBXBuildFile; fileRef = B7A66A202451E19000F32005 /* Main.storyboard */; };
		B7A66A242451E19400F32005 /* Assets.xcassets in Resources */ = {isa = PBXBuildFile; fileRef = B7A66A232451E19400F32005 /* Assets.xcassets */; };
		B7A66A272451E19400F32005 /* LaunchScreen.storyboard in Resources */ = {isa = PBXBuildFile; fileRef = B7A66A252451E19400F32005 /* LaunchScreen.storyboard */; };
		B7A66A322451E19500F32005 /* RGPropertyWrapperTests.swift in Sources */ = {isa = PBXBuildFile; fileRef = B7A66A312451E19500F32005 /* RGPropertyWrapperTests.swift */; };
		B7A66A3D2451E19500F32005 /* RGPropertyWrapperUITests.swift in Sources */ = {isa = PBXBuildFile; fileRef = B7A66A3C2451E19500F32005 /* RGPropertyWrapperUITests.swift */; };
/* End PBXBuildFile section */

/* Begin PBXContainerItemProxy section */
		B7A66A2E2451E19500F32005 /* PBXContainerItemProxy */ = {
			isa = PBXContainerItemProxy;
			containerPortal = B7A66A0F2451E19000F32005 /* Project object */;
			proxyType = 1;
			remoteGlobalIDString = B7A66A162451E19000F32005;
			remoteInfo = RGPropertyWrapper;
		};
		B7A66A392451E19500F32005 /* PBXContainerItemProxy */ = {
			isa = PBXContainerItemProxy;
			containerPortal = B7A66A0F2451E19000F32005 /* Project object */;
			proxyType = 1;
			remoteGlobalIDString = B7A66A162451E19000F32005;
			remoteInfo = RGPropertyWrapper;
		};
/* End PBXContainerItemProxy section */

/* Begin PBXFileReference section */
		B7A66A172451E19000F32005 /* RGPropertyWrapper.app */ = {isa = PBXFileReference; explicitFileType = wrapper.application; includeInIndex = 0; path = RGPropertyWrapper.app; sourceTree = BUILT_PRODUCTS_DIR; };
		B7A66A1A2451E19000F32005 /* AppDelegate.swift */ = {isa = PBXFileReference; lastKnownFileType = sourcecode.swift; path = AppDelegate.swift; sourceTree = "<group>"; };
		B7A66A1C2451E19000F32005 /* SceneDelegate.swift */ = {isa = PBXFileReference; lastKnownFileType = sourcecode.swift; path = SceneDelegate.swift; sourceTree = "<group>"; };
		B7A66A1E2451E19000F32005 /* ViewController.swift */ = {isa = PBXFileReference; lastKnownFileType = sourcecode.swift; path = ViewController.swift; sourceTree = "<group>"; };
		B7A66A212451E19000F32005 /* Base */ = {isa = PBXFileReference; lastKnownFileType = file.storyboard; name = Base; path = Base.lproj/Main.storyboard; sourceTree = "<group>"; };
		B7A66A232451E19400F32005 /* Assets.xcassets */ = {isa = PBXFileReference; lastKnownFileType = folder.assetcatalog; path = Assets.xcassets; sourceTree = "<group>"; };
		B7A66A262451E19400F32005 /* Base */ = {isa = PBXFileReference; lastKnownFileType = file.storyboard; name = Base; path = Base.lproj/LaunchScreen.storyboard; sourceTree = "<group>"; };
		B7A66A282451E19400F32005 /* Info.plist */ = {isa = PBXFileReference; lastKnownFileType = text.plist.xml; path = Info.plist; sourceTree = "<group>"; };
		B7A66A2D2451E19500F32005 /* RGPropertyWrapperTests.xctest */ = {isa = PBXFileReference; explicitFileType = wrapper.cfbundle; includeInIndex = 0; path = RGPropertyWrapperTests.xctest; sourceTree = BUILT_PRODUCTS_DIR; };
		B7A66A312451E19500F32005 /* RGPropertyWrapperTests.swift */ = {isa = PBXFileReference; lastKnownFileType = sourcecode.swift; path = RGPropertyWrapperTests.swift; sourceTree = "<group>"; };
		B7A66A332451E19500F32005 /* Info.plist */ = {isa = PBXFileReference; lastKnownFileType = text.plist.xml; path = Info.plist; sourceTree = "<group>"; };
		B7A66A382451E19500F32005 /* RGPropertyWrapperUITests.xctest */ = {isa = PBXFileReference; explicitFileType = wrapper.cfbundle; includeInIndex = 0; path = RGPropertyWrapperUITests.xctest; sourceTree = BUILT_PRODUCTS_DIR; };
		B7A66A3C2451E19500F32005 /* RGPropertyWrapperUITests.swift */ = {isa = PBXFileReference; lastKnownFileType = sourcecode.swift; path = RGPropertyWrapperUITests.swift; sourceTree = "<group>"; };
		B7A66A3E2451E19500F32005 /* Info.plist */ = {isa = PBXFileReference; lastKnownFileType = text.plist.xml; path = Info.plist; sourceTree = "<group>"; };
/* End PBXFileReference section */

/* Begin PBXFrameworksBuildPhase section */
		B7A66A142451E19000F32005 /* Frameworks */ = {
			isa = PBXFrameworksBuildPhase;
			buildActionMask = 2147483647;
			files = (
			);
			runOnlyForDeploymentPostprocessing = 0;
		};
		B7A66A2A2451E19500F32005 /* Frameworks */ = {
			isa = PBXFrameworksBuildPhase;
			buildActionMask = 2147483647;
			files = (
			);
			runOnlyForDeploymentPostprocessing = 0;
		};
		B7A66A352451E19500F32005 /* Frameworks */ = {
			isa = PBXFrameworksBuildPhase;
			buildActionMask = 2147483647;
			files = (
			);
			runOnlyForDeploymentPostprocessing = 0;
		};
/* End PBXFrameworksBuildPhase section */

/* Begin PBXGroup section */
		B7A66A0E2451E19000F32005 = {
			isa = PBXGroup;
			children = (
				B7A66A192451E19000F32005 /* RGPropertyWrapper */,
				B7A66A302451E19500F32005 /* RGPropertyWrapperTests */,
				B7A66A3B2451E19500F32005 /* RGPropertyWrapperUITests */,
				B7A66A182451E19000F32005 /* Products */,
			);
			sourceTree = "<group>";
		};
		B7A66A182451E19000F32005 /* Products */ = {
			isa = PBXGroup;
			children = (
				B7A66A172451E19000F32005 /* RGPropertyWrapper.app */,
				B7A66A2D2451E19500F32005 /* RGPropertyWrapperTests.xctest */,
				B7A66A382451E19500F32005 /* RGPropertyWrapperUITests.xctest */,
			);
			name = Products;
			sourceTree = "<group>";
		};
		B7A66A192451E19000F32005 /* RGPropertyWrapper */ = {
			isa = PBXGroup;
			children = (
				B7A66A1A2451E19000F32005 /* AppDelegate.swift */,
				B7A66A1C2451E19000F32005 /* SceneDelegate.swift */,
				B7A66A1E2451E19000F32005 /* ViewController.swift */,
				B7A66A202451E19000F32005 /* Main.storyboard */,
				B7A66A232451E19400F32005 /* Assets.xcassets */,
				B7A66A252451E19400F32005 /* LaunchScreen.storyboard */,
				B7A66A282451E19400F32005 /* Info.plist */,
			);
			path = RGPropertyWrapper;
			sourceTree = "<group>";
		};
		B7A66A302451E19500F32005 /* RGPropertyWrapperTests */ = {
			isa = PBXGroup;
			children = (
				B7A66A312451E19500F32005 /* RGPropertyWrapperTests.swift */,
				B7A66A332451E19500F32005 /* Info.plist */,
			);
			path = RGPropertyWrapperTests;
			sourceTree = "<group>";
		};
		B7A66A3B2451E19500F32005 /* RGPropertyWrapperUITests */ = {
			isa = PBXGroup;
			children = (
				B7A66A3C2451E19500F32005 /* RGPropertyWrapperUITests.swift */,
				B7A66A3E2451E19500F32005 /* Info.plist */,
			);
			path = RGPropertyWrapperUITests;
			sourceTree = "<group>";
		};
/* End PBXGroup section */

/* Begin PBXNativeTarget section */
		B7A66A162451E19000F32005 /* RGPropertyWrapper */ = {
			isa = PBXNativeTarget;
			buildConfigurationList = B7A66A412451E19500F32005 /* Build configuration list for PBXNativeTarget "RGPropertyWrapper" */;
			buildPhases = (
				B7A66A132451E19000F32005 /* Sources */,
				B7A66A142451E19000F32005 /* Frameworks */,
				B7A66A152451E19000F32005 /* Resources */,
			);
			buildRules = (
			);
			dependencies = (
			);
			name = RGPropertyWrapper;
			productName = RGPropertyWrapper;
			productReference = B7A66A172451E19000F32005 /* RGPropertyWrapper.app */;
			productType = "com.apple.product-type.application";
		};
		B7A66A2C2451E19500F32005 /* RGPropertyWrapperTests */ = {
			isa = PBXNativeTarget;
			buildConfigurationList = B7A66A442451E19500F32005 /* Build configuration list for PBXNativeTarget "RGPropertyWrapperTests" */;
			buildPhases = (
				B7A66A292451E19500F32005 /* Sources */,
				B7A66A2A2451E19500F32005 /* Frameworks */,
				B7A66A2B2451E19500F32005 /* Resources */,
			);
			buildRules = (
			);
			dependencies = (
				B7A66A2F2451E19500F32005 /* PBXTargetDependency */,
			);
			name = RGPropertyWrapperTests;
			productName = RGPropertyWrapperTests;
			productReference = B7A66A2D2451E19500F32005 /* RGPropertyWrapperTests.xctest */;
			productType = "com.apple.product-type.bundle.unit-test";
		};
		B7A66A372451E19500F32005 /* RGPropertyWrapperUITests */ = {
			isa = PBXNativeTarget;
			buildConfigurationList = B7A66A472451E19500F32005 /* Build configuration list for PBXNativeTarget "RGPropertyWrapperUITests" */;
			buildPhases = (
				B7A66A342451E19500F32005 /* Sources */,
				B7A66A352451E19500F32005 /* Frameworks */,
				B7A66A362451E19500F32005 /* Resources */,
			);
			buildRules = (
			);
			dependencies = (
				B7A66A3A2451E19500F32005 /* PBXTargetDependency */,
			);
			name = RGPropertyWrapperUITests;
			productName = RGPropertyWrapperUITests;
			productReference = B7A66A382451E19500F32005 /* RGPropertyWrapperUITests.xctest */;
			productType = "com.apple.product-type.bundle.ui-testing";
		};
/* End PBXNativeTarget section */

/* Begin PBXProject section */
		B7A66A0F2451E19000F32005 /* Project object */ = {
			isa = PBXProject;
			attributes = {
				LastSwiftUpdateCheck = 1140;
				LastUpgradeCheck = 1140;
				ORGANIZATIONNAME = Smartech;
				TargetAttributes = {
					B7A66A162451E19000F32005 = {
						CreatedOnToolsVersion = 11.4.1;
					};
					B7A66A2C2451E19500F32005 = {
						CreatedOnToolsVersion = 11.4.1;
						TestTargetID = B7A66A162451E19000F32005;
					};
					B7A66A372451E19500F32005 = {
						CreatedOnToolsVersion = 11.4.1;
						TestTargetID = B7A66A162451E19000F32005;
					};
				};
			};
			buildConfigurationList = B7A66A122451E19000F32005 /* Build configuration list for PBXProject "RGPropertyWrapper" */;
			compatibilityVersion = "Xcode 9.3";
			developmentRegion = en;
			hasScannedForEncodings = 0;
			knownRegions = (
				en,
				Base,
			);
			mainGroup = B7A66A0E2451E19000F32005;
			productRefGroup = B7A66A182451E19000F32005 /* Products */;
			projectDirPath = "";
			projectRoot = "";
			targets = (
				B7A66A162451E19000F32005 /* RGPropertyWrapper */,
				B7A66A2C2451E19500F32005 /* RGPropertyWrapperTests */,
				B7A66A372451E19500F32005 /* RGPropertyWrapperUITests */,
			);
		};
/* End PBXProject section */

/* Begin PBXResourcesBuildPhase section */
		B7A66A152451E19000F32005 /* Resources */ = {
			isa = PBXResourcesBuildPhase;
			buildActionMask = 2147483647;
			files = (
				B7A66A272451E19400F32005 /* LaunchScreen.storyboard in Resources */,
				B7A66A242451E19400F32005 /* Assets.xcassets in Resources */,
				B7A66A222451E19000F32005 /* Main.storyboard in Resources */,
			);
			runOnlyForDeploymentPostprocessing = 0;
		};
		B7A66A2B2451E19500F32005 /* Resources */ = {
			isa = PBXResourcesBuildPhase;
			buildActionMask = 2147483647;
			files = (
			);
			runOnlyForDeploymentPostprocessing = 0;
		};
		B7A66A362451E19500F32005 /* Resources */ = {
			isa = PBXResourcesBuildPhase;
			buildActionMask = 2147483647;
			files = (
			);
			runOnlyForDeploymentPostprocessing = 0;
		};
/* End PBXResourcesBuildPhase section */

/* Begin PBXSourcesBuildPhase section */
		B7A66A132451E19000F32005 /* Sources */ = {
			isa = PBXSourcesBuildPhase;
			buildActionMask = 2147483647;
			files = (
				B7A66A1F2451E19000F32005 /* ViewController.swift in Sources */,
				B7A66A1B2451E19000F32005 /* AppDelegate.swift in Sources */,
				B7A66A1D2451E19000F32005 /* SceneDelegate.swift in Sources */,
			);
			runOnlyForDeploymentPostprocessing = 0;
		};
		B7A66A292451E19500F32005 /* Sources */ = {
			isa = PBXSourcesBuildPhase;
			buildActionMask = 2147483647;
			files = (
				B7A66A322451E19500F32005 /* RGPropertyWrapperTests.swift in Sources */,
			);
			runOnlyForDeploymentPostprocessing = 0;
		};
		B7A66A342451E19500F32005 /* Sources */ = {
			isa = PBXSourcesBuildPhase;
			buildActionMask = 2147483647;
			files = (
				B7A66A3D2451E19500F32005 /* RGPropertyWrapperUITests.swift in Sources */,
			);
			runOnlyForDeploymentPostprocessing = 0;
		};
/* End PBXSourcesBuildPhase section */

/* Begin PBXTargetDependency section */
		B7A66A2F2451E19500F32005 /* PBXTargetDependency */ = {
			isa = PBXTargetDependency;
			target = B7A66A162451E19000F32005 /* RGPropertyWrapper */;
			targetProxy = B7A66A2E2451E19500F32005 /* PBXContainerItemProxy */;
		};
		B7A66A3A2451E19500F32005 /* PBXTargetDependency */ = {
			isa = PBXTargetDependency;
			target = B7A66A162451E19000F32005 /* RGPropertyWrapper */;
			targetProxy = B7A66A392451E19500F32005 /* PBXContainerItemProxy */;
		};
/* End PBXTargetDependency section */

/* Begin PBXVariantGroup section */
		B7A66A202451E19000F32005 /* Main.storyboard */ = {
			isa = PBXVariantGroup;
			children = (
				B7A66A212451E19000F32005 /* Base */,
			);
			name = Main.storyboard;
			sourceTree = "<group>";
		};
		B7A66A252451E19400F32005 /* LaunchScreen.storyboard */ = {
			isa = PBXVariantGroup;
			children = (
				B7A66A262451E19400F32005 /* Base */,
			);
			name = LaunchScreen.storyboard;
			sourceTree = "<group>";
		};
/* End PBXVariantGroup section */

/* Begin XCBuildConfiguration section */
		B7A66A3F2451E19500F32005 /* Debug */ = {
			isa = XCBuildConfiguration;
			buildSettings = {
				ALWAYS_SEARCH_USER_PATHS = NO;
				CLANG_ANALYZER_NONNULL = YES;
				CLANG_ANALYZER_NUMBER_OBJECT_CONVERSION = YES_AGGRESSIVE;
				CLANG_CXX_LANGUAGE_STANDARD = "gnu++14";
				CLANG_CXX_LIBRARY = "libc++";
				CLANG_ENABLE_MODULES = YES;
				CLANG_ENABLE_OBJC_ARC = YES;
				CLANG_ENABLE_OBJC_WEAK = YES;
				CLANG_WARN_BLOCK_CAPTURE_AUTORELEASING = YES;
				CLANG_WARN_BOOL_CONVERSION = YES;
				CLANG_WARN_COMMA = YES;
				CLANG_WARN_CONSTANT_CONVERSION = YES;
				CLANG_WARN_DEPRECATED_OBJC_IMPLEMENTATIONS = YES;
				CLANG_WARN_DIRECT_OBJC_ISA_USAGE = YES_ERROR;
				CLANG_WARN_DOCUMENTATION_COMMENTS = YES;
				CLANG_WARN_EMPTY_BODY = YES;
				CLANG_WARN_ENUM_CONVERSION = YES;
				CLANG_WARN_INFINITE_RECURSION = YES;
				CLANG_WARN_INT_CONVERSION = YES;
				CLANG_WARN_NON_LITERAL_NULL_CONVERSION = YES;
				CLANG_WARN_OBJC_IMPLICIT_RETAIN_SELF = YES;
				CLANG_WARN_OBJC_LITERAL_CONVERSION = YES;
				CLANG_WARN_OBJC_ROOT_CLASS = YES_ERROR;
				CLANG_WARN_RANGE_LOOP_ANALYSIS = YES;
				CLANG_WARN_STRICT_PROTOTYPES = YES;
				CLANG_WARN_SUSPICIOUS_MOVE = YES;
				CLANG_WARN_UNGUARDED_AVAILABILITY = YES_AGGRESSIVE;
				CLANG_WARN_UNREACHABLE_CODE = YES;
				CLANG_WARN__DUPLICATE_METHOD_MATCH = YES;
				COPY_PHASE_STRIP = NO;
				DEBUG_INFORMATION_FORMAT = dwarf;
				ENABLE_STRICT_OBJC_MSGSEND = YES;
				ENABLE_TESTABILITY = YES;
				GCC_C_LANGUAGE_STANDARD = gnu11;
				GCC_DYNAMIC_NO_PIC = NO;
				GCC_NO_COMMON_BLOCKS = YES;
				GCC_OPTIMIZATION_LEVEL = 0;
				GCC_PREPROCESSOR_DEFINITIONS = (
					"DEBUG=1",
					"$(inherited)",
				);
				GCC_WARN_64_TO_32_BIT_CONVERSION = YES;
				GCC_WARN_ABOUT_RETURN_TYPE = YES_ERROR;
				GCC_WARN_UNDECLARED_SELECTOR = YES;
				GCC_WARN_UNINITIALIZED_AUTOS = YES_AGGRESSIVE;
				GCC_WARN_UNUSED_FUNCTION = YES;
				GCC_WARN_UNUSED_VARIABLE = YES;
				IPHONEOS_DEPLOYMENT_TARGET = 13.4;
				MTL_ENABLE_DEBUG_INFO = INCLUDE_SOURCE;
				MTL_FAST_MATH = YES;
				ONLY_ACTIVE_ARCH = YES;
				SDKROOT = iphoneos;
				SWIFT_ACTIVE_COMPILATION_CONDITIONS = DEBUG;
				SWIFT_OPTIMIZATION_LEVEL = "-Onone";
			};
			name = Debug;
		};
		B7A66A402451E19500F32005 /* Release */ = {
			isa = XCBuildConfiguration;
			buildSettings = {
				ALWAYS_SEARCH_USER_PATHS = NO;
				CLANG_ANALYZER_NONNULL = YES;
				CLANG_ANALYZER_NUMBER_OBJECT_CONVERSION = YES_AGGRESSIVE;
				CLANG_CXX_LANGUAGE_STANDARD = "gnu++14";
				CLANG_CXX_LIBRARY = "libc++";
				CLANG_ENABLE_MODULES = YES;
				CLANG_ENABLE_OBJC_ARC = YES;
				CLANG_ENABLE_OBJC_WEAK = YES;
				CLANG_WARN_BLOCK_CAPTURE_AUTORELEASING = YES;
				CLANG_WARN_BOOL_CONVERSION = YES;
				CLANG_WARN_COMMA = YES;
				CLANG_WARN_CONSTANT_CONVERSION = YES;
				CLANG_WARN_DEPRECATED_OBJC_IMPLEMENTATIONS = YES;
				CLANG_WARN_DIRECT_OBJC_ISA_USAGE = YES_ERROR;
				CLANG_WARN_DOCUMENTATION_COMMENTS = YES;
				CLANG_WARN_EMPTY_BODY = YES;
				CLANG_WARN_ENUM_CONVERSION = YES;
				CLANG_WARN_INFINITE_RECURSION = YES;
				CLANG_WARN_INT_CONVERSION = YES;
				CLANG_WARN_NON_LITERAL_NULL_CONVERSION = YES;
				CLANG_WARN_OBJC_IMPLICIT_RETAIN_SELF = YES;
				CLANG_WARN_OBJC_LITERAL_CONVERSION = YES;
				CLANG_WARN_OBJC_ROOT_CLASS = YES_ERROR;
				CLANG_WARN_RANGE_LOOP_ANALYSIS = YES;
				CLANG_WARN_STRICT_PROTOTYPES = YES;
				CLANG_WARN_SUSPICIOUS_MOVE = YES;
				CLANG_WARN_UNGUARDED_AVAILABILITY = YES_AGGRESSIVE;
				CLANG_WARN_UNREACHABLE_CODE = YES;
				CLANG_WARN__DUPLICATE_METHOD_MATCH = YES;
				COPY_PHASE_STRIP = NO;
				DEBUG_INFORMATION_FORMAT = "dwarf-with-dsym";
				ENABLE_NS_ASSERTIONS = NO;
				ENABLE_STRICT_OBJC_MSGSEND = YES;
				GCC_C_LANGUAGE_STANDARD = gnu11;
				GCC_NO_COMMON_BLOCKS = YES;
				GCC_WARN_64_TO_32_BIT_CONVERSION = YES;
				GCC_WARN_ABOUT_RETURN_TYPE = YES_ERROR;
				GCC_WARN_UNDECLARED_SELECTOR = YES;
				GCC_WARN_UNINITIALIZED_AUTOS = YES_AGGRESSIVE;
				GCC_WARN_UNUSED_FUNCTION = YES;
				GCC_WARN_UNUSED_VARIABLE = YES;
				IPHONEOS_DEPLOYMENT_TARGET = 13.4;
				MTL_ENABLE_DEBUG_INFO = NO;
				MTL_FAST_MATH = YES;
				SDKROOT = iphoneos;
				SWIFT_COMPILATION_MODE = wholemodule;
				SWIFT_OPTIMIZATION_LEVEL = "-O";
				VALIDATE_PRODUCT = YES;
			};
			name = Release;
		};
		B7A66A422451E19500F32005 /* Debug */ = {
			isa = XCBuildConfiguration;
			buildSettings = {
				ASSETCATALOG_COMPILER_APPICON_NAME = AppIcon;
				CODE_SIGN_STYLE = Automatic;
				INFOPLIST_FILE = RGPropertyWrapper/Info.plist;
				LD_RUNPATH_SEARCH_PATHS = (
					"$(inherited)",
					"@executable_path/Frameworks",
				);
				PRODUCT_BUNDLE_IDENTIFIER = com.smartech.RGPropertyWrapper;
				PRODUCT_NAME = "$(TARGET_NAME)";
				SWIFT_VERSION = 5.0;
				TARGETED_DEVICE_FAMILY = "1,2";
			};
			name = Debug;
		};
		B7A66A432451E19500F32005 /* Release */ = {
			isa = XCBuildConfiguration;
			buildSettings = {
				ASSETCATALOG_COMPILER_APPICON_NAME = AppIcon;
				CODE_SIGN_STYLE = Automatic;
				INFOPLIST_FILE = RGPropertyWrapper/Info.plist;
				LD_RUNPATH_SEARCH_PATHS = (
					"$(inherited)",
					"@executable_path/Frameworks",
				);
				PRODUCT_BUNDLE_IDENTIFIER = com.smartech.RGPropertyWrapper;
				PRODUCT_NAME = "$(TARGET_NAME)";
				SWIFT_VERSION = 5.0;
				TARGETED_DEVICE_FAMILY = "1,2";
			};
			name = Release;
		};
		B7A66A452451E19500F32005 /* Debug */ = {
			isa = XCBuildConfiguration;
			buildSettings = {
				ALWAYS_EMBED_SWIFT_STANDARD_LIBRARIES = YES;
				BUNDLE_LOADER = "$(TEST_HOST)";
				CODE_SIGN_STYLE = Automatic;
				INFOPLIST_FILE = RGPropertyWrapperTests/Info.plist;
				IPHONEOS_DEPLOYMENT_TARGET = 13.4;
				LD_RUNPATH_SEARCH_PATHS = (
					"$(inherited)",
					"@executable_path/Frameworks",
					"@loader_path/Frameworks",
				);
				PRODUCT_BUNDLE_IDENTIFIER = com.smartech.RGPropertyWrapperTests;
				PRODUCT_NAME = "$(TARGET_NAME)";
				SWIFT_VERSION = 5.0;
				TARGETED_DEVICE_FAMILY = "1,2";
				TEST_HOST = "$(BUILT_PRODUCTS_DIR)/RGPropertyWrapper.app/RGPropertyWrapper";
			};
			name = Debug;
		};
		B7A66A462451E19500F32005 /* Release */ = {
			isa = XCBuildConfiguration;
			buildSettings = {
				ALWAYS_EMBED_SWIFT_STANDARD_LIBRARIES = YES;
				BUNDLE_LOADER = "$(TEST_HOST)";
				CODE_SIGN_STYLE = Automatic;
				INFOPLIST_FILE = RGPropertyWrapperTests/Info.plist;
				IPHONEOS_DEPLOYMENT_TARGET = 13.4;
				LD_RUNPATH_SEARCH_PATHS = (
					"$(inherited)",
					"@executable_path/Frameworks",
					"@loader_path/Frameworks",
				);
				PRODUCT_BUNDLE_IDENTIFIER = com.smartech.RGPropertyWrapperTests;
				PRODUCT_NAME = "$(TARGET_NAME)";
				SWIFT_VERSION = 5.0;
				TARGETED_DEVICE_FAMILY = "1,2";
				TEST_HOST = "$(BUILT_PRODUCTS_DIR)/RGPropertyWrapper.app/RGPropertyWrapper";
			};
			name = Release;
		};
		B7A66A482451E19500F32005 /* Debug */ = {
			isa = XCBuildConfiguration;
			buildSettings = {
				ALWAYS_EMBED_SWIFT_STANDARD_LIBRARIES = YES;
				CODE_SIGN_STYLE = Automatic;
				INFOPLIST_FILE = RGPropertyWrapperUITests/Info.plist;
				LD_RUNPATH_SEARCH_PATHS = (
					"$(inherited)",
					"@executable_path/Frameworks",
					"@loader_path/Frameworks",
				);
				PRODUCT_BUNDLE_IDENTIFIER = com.smartech.RGPropertyWrapperUITests;
				PRODUCT_NAME = "$(TARGET_NAME)";
				SWIFT_VERSION = 5.0;
				TARGETED_DEVICE_FAMILY = "1,2";
				TEST_TARGET_NAME = RGPropertyWrapper;
			};
			name = Debug;
		};
		B7A66A492451E19500F32005 /* Release */ = {
			isa = XCBuildConfiguration;
			buildSettings = {
				ALWAYS_EMBED_SWIFT_STANDARD_LIBRARIES = YES;
				CODE_SIGN_STYLE = Automatic;
				INFOPLIST_FILE = RGPropertyWrapperUITests/Info.plist;
				LD_RUNPATH_SEARCH_PATHS = (
					"$(inherited)",
					"@executable_path/Frameworks",
					"@loader_path/Frameworks",
				);
				PRODUCT_BUNDLE_IDENTIFIER = com.smartech.RGPropertyWrapperUITests;
				PRODUCT_NAME = "$(TARGET_NAME)";
				SWIFT_VERSION = 5.0;
				TARGETED_DEVICE_FAMILY = "1,2";
				TEST_TARGET_NAME = RGPropertyWrapper;
			};
			name = Release;
		};
/* End XCBuildConfiguration section */

/* Begin XCConfigurationList section */
		B7A66A122451E19000F32005 /* Build configuration list for PBXProject "RGPropertyWrapper" */ = {
			isa = XCConfigurationList;
			buildConfigurations = (
				B7A66A3F2451E19500F32005 /* Debug */,
				B7A66A402451E19500F32005 /* Release */,
			);
			defaultConfigurationIsVisible = 0;
			defaultConfigurationName = Release;
		};
		B7A66A412451E19500F32005 /* Build configuration list for PBXNativeTarget "RGPropertyWrapper" */ = {
			isa = XCConfigurationList;
			buildConfigurations = (
				B7A66A422451E19500F32005 /* Debug */,
				B7A66A432451E19500F32005 /* Release */,
			);
			defaultConfigurationIsVisible = 0;
			defaultConfigurationName = Release;
		};
		B7A66A442451E19500F32005 /* Build configuration list for PBXNativeTarget "RGPropertyWrapperTests" */ = {
			isa = XCConfigurationList;
			buildConfigurations = (
				B7A66A452451E19500F32005 /* Debug */,
				B7A66A462451E19500F32005 /* Release */,
			);
			defaultConfigurationIsVisible = 0;
			defaultConfigurationName = Release;
		};
		B7A66A472451E19500F32005 /* Build configuration list for PBXNativeTarget "RGPropertyWrapperUITests" */ = {
			isa = XCConfigurationList;
			buildConfigurations = (
				B7A66A482451E19500F32005 /* Debug */,
				B7A66A492451E19500F32005 /* Release */,
			);
			defaultConfigurationIsVisible = 0;
			defaultConfigurationName = Release;
		};
/* End XCConfigurationList section */
	};
	rootObject = B7A66A0F2451E19000F32005 /* Project object */;
}
